#MicroXplorer Configuration settings - do not modify
CAN1.ABOM=ENABLE
CAN1.BS1=CAN_BS1_4TQ
CAN1.BS2=CAN_BS2_4TQ
CAN1.CalculateBaudRate=1000000
CAN1.CalculateTimeBit=1000
CAN1.CalculateTimeQuantum=111.11111111111111
CAN1.IPParameters=CalculateTimeQuantum,CalculateTimeBit,CalculateBaudRate,ABOM,BS1,BS2,Prescaler
CAN1.Prescaler=5
CAN2.ABOM=ENABLE
CAN2.BS1=CAN_BS1_4TQ
CAN2.BS2=CAN_BS2_4TQ
CAN2.CalculateBaudRate=357142
CAN2.CalculateTimeBit=2800
CAN2.CalculateTimeQuantum=311.1111111111111
CAN2.IPParameters=CalculateTimeQuantum,CalculateTimeBit,CalculateBaudRate,Prescaler,BS1,BS2,ABOM
CAN2.Prescaler=14
Dma.Request0=USART3_RX
Dma.Request1=USART6_RX
Dma.Request2=USART6_TX
Dma.Request3=USART1_RX
Dma.Request4=USART1_TX
Dma.Request5=UART8_RX
Dma.Request6=UART8_TX
Dma.RequestsNb=7
Dma.UART8_RX.5.Direction=DMA_PERIPH_TO_MEMORY
Dma.UART8_RX.5.FIFOMode=DMA_FIFOMODE_DISABLE
Dma.UART8_RX.5.Instance=DMA1_Stream6
Dma.UART8_RX.5.MemDataAlignment=DMA_MDATAALIGN_BYTE
Dma.UART8_RX.5.MemInc=DMA_MINC_ENABLE
Dma.UART8_RX.5.Mode=DMA_NORMAL
Dma.UART8_RX.5.PeriphDataAlignment=DMA_PDATAALIGN_BYTE
Dma.UART8_RX.5.PeriphInc=DMA_PINC_DISABLE
Dma.UART8_RX.5.Priority=DMA_PRIORITY_LOW
Dma.UART8_RX.5.RequestParameters=Instance,Direction,PeriphInc,MemInc,PeriphDataAlignment,MemDataAlignment,Mode,Priority,FIFOMode
Dma.UART8_TX.6.Direction=DMA_MEMORY_TO_PERIPH
Dma.UART8_TX.6.FIFOMode=DMA_FIFOMODE_DISABLE
Dma.UART8_TX.6.Instance=DMA1_Stream0
Dma.UART8_TX.6.MemDataAlignment=DMA_MDATAALIGN_BYTE
Dma.UART8_TX.6.MemInc=DMA_MINC_ENABLE
Dma.UART8_TX.6.Mode=DMA_NORMAL
Dma.UART8_TX.6.PeriphDataAlignment=DMA_PDATAALIGN_BYTE
Dma.UART8_TX.6.PeriphInc=DMA_PINC_DISABLE
Dma.UART8_TX.6.Priority=DMA_PRIORITY_LOW
Dma.UART8_TX.6.RequestParameters=Instance,Direction,PeriphInc,MemInc,PeriphDataAlignment,MemDataAlignment,Mode,Priority,FIFOMode
Dma.USART1_RX.3.Direction=DMA_PERIPH_TO_MEMORY
Dma.USART1_RX.3.FIFOMode=DMA_FIFOMODE_DISABLE
Dma.USART1_RX.3.Instance=DMA2_Stream5
Dma.USART1_RX.3.MemDataAlignment=DMA_MDATAALIGN_BYTE
Dma.USART1_RX.3.MemInc=DMA_MINC_ENABLE
Dma.USART1_RX.3.Mode=DMA_NORMAL
Dma.USART1_RX.3.PeriphDataAlignment=DMA_PDATAALIGN_BYTE
Dma.USART1_RX.3.PeriphInc=DMA_PINC_DISABLE
Dma.USART1_RX.3.Priority=DMA_PRIORITY_LOW
Dma.USART1_RX.3.RequestParameters=Instance,Direction,PeriphInc,MemInc,PeriphDataAlignment,MemDataAlignment,Mode,Priority,FIFOMode
Dma.USART1_TX.4.Direction=DMA_MEMORY_TO_PERIPH
Dma.USART1_TX.4.FIFOMode=DMA_FIFOMODE_DISABLE
Dma.USART1_TX.4.Instance=DMA2_Stream7
Dma.USART1_TX.4.MemDataAlignment=DMA_MDATAALIGN_BYTE
Dma.USART1_TX.4.MemInc=DMA_MINC_ENABLE
Dma.USART1_TX.4.Mode=DMA_NORMAL
Dma.USART1_TX.4.PeriphDataAlignment=DMA_PDATAALIGN_BYTE
Dma.USART1_TX.4.PeriphInc=DMA_PINC_DISABLE
Dma.USART1_TX.4.Priority=DMA_PRIORITY_LOW
Dma.USART1_TX.4.RequestParameters=Instance,Direction,PeriphInc,MemInc,PeriphDataAlignment,MemDataAlignment,Mode,Priority,FIFOMode
Dma.USART3_RX.0.Direction=DMA_PERIPH_TO_MEMORY
Dma.USART3_RX.0.FIFOMode=DMA_FIFOMODE_DISABLE
Dma.USART3_RX.0.Instance=DMA1_Stream1
Dma.USART3_RX.0.MemDataAlignment=DMA_MDATAALIGN_BYTE
Dma.USART3_RX.0.MemInc=DMA_MINC_ENABLE
Dma.USART3_RX.0.Mode=DMA_NORMAL
Dma.USART3_RX.0.PeriphDataAlignment=DMA_PDATAALIGN_BYTE
Dma.USART3_RX.0.PeriphInc=DMA_PINC_DISABLE
Dma.USART3_RX.0.Priority=DMA_PRIORITY_LOW
Dma.USART3_RX.0.RequestParameters=Instance,Direction,PeriphInc,MemInc,PeriphDataAlignment,MemDataAlignment,Mode,Priority,FIFOMode
Dma.USART6_RX.1.Direction=DMA_PERIPH_TO_MEMORY
Dma.USART6_RX.1.FIFOMode=DMA_FIFOMODE_DISABLE
Dma.USART6_RX.1.Instance=DMA2_Stream1
Dma.USART6_RX.1.MemDataAlignment=DMA_MDATAALIGN_BYTE
Dma.USART6_RX.1.MemInc=DMA_MINC_ENABLE
Dma.USART6_RX.1.Mode=DMA_NORMAL
Dma.USART6_RX.1.PeriphDataAlignment=DMA_PDATAALIGN_BYTE
Dma.USART6_RX.1.PeriphInc=DMA_PINC_DISABLE
Dma.USART6_RX.1.Priority=DMA_PRIORITY_LOW
Dma.USART6_RX.1.RequestParameters=Instance,Direction,PeriphInc,MemInc,PeriphDataAlignment,MemDataAlignment,Mode,Priority,FIFOMode
Dma.USART6_TX.2.Direction=DMA_MEMORY_TO_PERIPH
Dma.USART6_TX.2.FIFOMode=DMA_FIFOMODE_DISABLE
Dma.USART6_TX.2.Instance=DMA2_Stream6
Dma.USART6_TX.2.MemDataAlignment=DMA_MDATAALIGN_BYTE
Dma.USART6_TX.2.MemInc=DMA_MINC_ENABLE
Dma.USART6_TX.2.Mode=DMA_NORMAL
Dma.USART6_TX.2.PeriphDataAlignment=DMA_PDATAALIGN_BYTE
Dma.USART6_TX.2.PeriphInc=DMA_PINC_DISABLE
Dma.USART6_TX.2.Priority=DMA_PRIORITY_LOW
Dma.USART6_TX.2.RequestParameters=Instance,Direction,PeriphInc,MemInc,PeriphDataAlignment,MemDataAlignment,Mode,Priority,FIFOMode
File.Version=6
GPIO.groupedBy=Group By Peripherals
KeepUserPlacement=false
Mcu.CPN=STM32F427IIH6
Mcu.Family=STM32F4
Mcu.IP0=CAN1
Mcu.IP1=CAN2
Mcu.IP10=UART8
Mcu.IP11=USART1
Mcu.IP12=USART2
Mcu.IP13=USART3
Mcu.IP14=USART6
Mcu.IP2=DMA
Mcu.IP3=NVIC
Mcu.IP4=RCC
Mcu.IP5=SYS
Mcu.IP6=TIM2
Mcu.IP7=TIM4
Mcu.IP8=TIM5
Mcu.IP9=TIM6
Mcu.IPNb=15
Mcu.Name=STM32F427I(G-I)Hx
Mcu.Package=UFBGA176
Mcu.Pin0=PE1
Mcu.Pin1=PE0
Mcu.Pin10=PC11
Mcu.Pin11=PC10
Mcu.Pin12=PG9
Mcu.Pin13=PD5
Mcu.Pin14=PD1
Mcu.Pin15=PF0
Mcu.Pin16=PI0
Mcu.Pin17=PA9
Mcu.Pin18=PH0/OSC_IN
Mcu.Pin19=PH1/OSC_OUT
Mcu.Pin2=PB5
Mcu.Pin20=PH4
Mcu.Pin21=PH5
Mcu.Pin22=PH12
Mcu.Pin23=PH11
Mcu.Pin24=PH10
Mcu.Pin25=PD15
Mcu.Pin26=PD14
Mcu.Pin27=PD13
Mcu.Pin28=PA1
Mcu.Pin29=PA0/WKUP
Mcu.Pin3=PG14
Mcu.Pin30=PD12
Mcu.Pin31=VP_SYS_VS_Systick
Mcu.Pin32=VP_TIM2_VS_ClockSourceINT
Mcu.Pin33=VP_TIM4_VS_ClockSourceINT
Mcu.Pin34=VP_TIM5_VS_ClockSourceINT
Mcu.Pin35=VP_TIM6_VS_ClockSourceINT
Mcu.Pin4=PA14
Mcu.Pin5=PA13
Mcu.Pin6=PB7
Mcu.Pin7=PB6
Mcu.Pin8=PD6
Mcu.Pin9=PD0
Mcu.PinsNb=36
Mcu.ThirdPartyNb=0
Mcu.UserConstants=
Mcu.UserName=STM32F427IIHx
MxCube.Version=6.5.0
MxDb.Version=DB.6.0.50
NVIC.BusFault_IRQn=true\:0\:0\:false\:false\:true\:false\:false\:true
NVIC.CAN1_RX0_IRQn=true\:0\:0\:false\:false\:true\:true\:true\:true
NVIC.CAN2_RX0_IRQn=true\:0\:0\:false\:false\:true\:true\:true\:true
NVIC.DMA1_Stream0_IRQn=true\:0\:0\:false\:false\:true\:false\:true\:true
NVIC.DMA1_Stream1_IRQn=true\:0\:0\:false\:false\:true\:false\:true\:true
NVIC.DMA1_Stream6_IRQn=true\:0\:0\:false\:false\:true\:false\:true\:true
NVIC.DMA2_Stream1_IRQn=true\:0\:0\:false\:false\:true\:false\:true\:true
NVIC.DMA2_Stream5_IRQn=true\:0\:0\:false\:false\:true\:false\:true\:true
NVIC.DMA2_Stream6_IRQn=true\:0\:0\:false\:false\:true\:false\:true\:true
NVIC.DMA2_Stream7_IRQn=true\:0\:0\:false\:false\:true\:false\:true\:true
NVIC.DebugMonitor_IRQn=true\:0\:0\:false\:false\:true\:false\:false\:true
NVIC.ForceEnableDMAVector=true
NVIC.HardFault_IRQn=true\:0\:0\:false\:false\:true\:false\:false\:true
NVIC.MemoryManagement_IRQn=true\:0\:0\:false\:false\:true\:false\:false\:true
NVIC.NonMaskableInt_IRQn=true\:0\:0\:false\:false\:true\:false\:false\:true
NVIC.PendSV_IRQn=true\:0\:0\:false\:false\:true\:false\:false\:true
NVIC.PriorityGroup=NVIC_PRIORITYGROUP_4
NVIC.SVCall_IRQn=true\:0\:0\:false\:false\:true\:false\:false\:true
NVIC.SysTick_IRQn=true\:15\:0\:false\:false\:true\:false\:true\:true
NVIC.TIM4_IRQn=true\:0\:0\:false\:false\:true\:true\:true\:true
NVIC.TIM5_IRQn=true\:0\:0\:false\:false\:true\:true\:true\:true
NVIC.TIM6_DAC_IRQn=true\:0\:0\:false\:false\:true\:true\:true\:true
NVIC.UART8_IRQn=true\:0\:0\:false\:false\:true\:true\:true\:true
NVIC.USART1_IRQn=true\:0\:0\:false\:false\:true\:true\:true\:true
NVIC.USART2_IRQn=true\:0\:0\:false\:false\:true\:true\:true\:true
NVIC.USART3_IRQn=true\:0\:0\:false\:false\:true\:true\:true\:true
NVIC.USART6_IRQn=true\:0\:0\:false\:false\:true\:true\:true\:true
NVIC.UsageFault_IRQn=true\:0\:0\:false\:false\:true\:false\:false\:true
PA0/WKUP.Locked=true
PA0/WKUP.Signal=S_TIM2_CH1_ETR
PA1.Locked=true
PA1.Signal=S_TIM2_CH2
PA13.Mode=Serial_Wire
PA13.Signal=SYS_JTMS-SWDIO
PA14.Mode=Serial_Wire
PA14.Signal=SYS_JTCK-SWCLK
PA9.Locked=true
PA9.Mode=Asynchronous
PA9.Signal=USART1_TX
PB5.Mode=CAN_Activate
PB5.Signal=CAN2_RX
PB6.Mode=CAN_Activate
PB6.Signal=CAN2_TX
PB7.Locked=true
PB7.Mode=Asynchronous
PB7.Signal=USART1_RX
PC10.Mode=Asynchronous
PC10.Signal=USART3_TX
PC11.Mode=Asynchronous
PC11.Signal=USART3_RX
PD0.Locked=true
PD0.Mode=CAN_Activate
PD0.Signal=CAN1_RX
PD1.Mode=CAN_Activate
PD1.Signal=CAN1_TX
PD12.Signal=S_TIM4_CH1
PD13.Signal=S_TIM4_CH2
PD14.Locked=true
PD14.Signal=S_TIM4_CH3
PD15.Locked=true
PD15.Signal=S_TIM4_CH4
PD5.Mode=Asynchronous
PD5.Signal=USART2_TX
PD6.Mode=Asynchronous
PD6.Signal=USART2_RX
PE0.Mode=Asynchronous
PE0.Signal=UART8_RX
PE1.Mode=Asynchronous
PE1.Signal=UART8_TX
PF0.GPIOParameters=GPIO_Mode
PF0.GPIO_Mode=GPIO_MODE_INPUT
PF0.Locked=true
PF0.Signal=GPIO_Input
PG14.Mode=Asynchronous
PG14.Signal=USART6_TX
PG9.Mode=Asynchronous
PG9.Signal=USART6_RX
PH0/OSC_IN.Mode=HSE-External-Oscillator
PH0/OSC_IN.Signal=RCC_OSC_IN
PH1/OSC_OUT.Mode=HSE-External-Oscillator
PH1/OSC_OUT.Signal=RCC_OSC_OUT
PH10.Signal=S_TIM5_CH1
PH11.Signal=S_TIM5_CH2
PH12.Signal=S_TIM5_CH3
PH4.GPIOParameters=GPIO_Speed
PH4.GPIO_Speed=GPIO_SPEED_FREQ_VERY_HIGH
PH4.Locked=true
PH4.Signal=GPIO_Output
PH5.GPIOParameters=GPIO_Speed,PinState
PH5.GPIO_Speed=GPIO_SPEED_FREQ_VERY_HIGH
PH5.Locked=true
PH5.PinState=GPIO_PIN_SET
PH5.Signal=GPIO_Output
PI0.Signal=S_TIM5_CH4
PinOutPanel.CurrentBGAView=Top
PinOutPanel.RotationAngle=0
ProjectManager.AskForMigrate=true
ProjectManager.BackupPrevious=false
ProjectManager.CompilerOptimize=6
ProjectManager.ComputerToolchain=false
ProjectManager.CoupleFile=true
ProjectManager.CustomerFirmwarePackage=
ProjectManager.DefaultFWLocation=true
ProjectManager.DeletePrevious=true
ProjectManager.DeviceId=STM32F427IIHx
ProjectManager.FirmwarePackage=STM32Cube FW_F4 V1.27.0
ProjectManager.FreePins=false
ProjectManager.HalAssertFull=false
ProjectManager.HeapSize=0x200
ProjectManager.KeepUserCode=true
ProjectManager.LastFirmware=true
ProjectManager.LibraryCopy=0
ProjectManager.MainLocation=Core/Src
ProjectManager.NoMain=false
ProjectManager.PreviousToolchain=
ProjectManager.ProjectBuild=false
ProjectManager.ProjectFileName=Engineer.ioc
ProjectManager.ProjectName=Engineer
ProjectManager.RegisterCallBack=
ProjectManager.StackSize=0x400
ProjectManager.TargetToolchain=MDK-ARM V5
ProjectManager.ToolChainLocation=
ProjectManager.UnderRoot=false
ProjectManager.functionlistsort=1-MX_GPIO_Init-GPIO-false-HAL-true,2-SystemClock_Config-RCC-false-HAL-false,3-MX_CAN1_Init-CAN1-false-HAL-true,4-MX_CAN2_Init-CAN2-false-HAL-true,5-MX_DMA_Init-DMA-false-HAL-true,6-MX_USART3_UART_Init-USART3-false-HAL-true,7-MX_TIM6_Init-TIM6-false-HAL-true,8-MX_USART1_UART_Init-USART1-false-HAL-true,9-MX_USART2_UART_Init-USART2-false-HAL-true,10-MX_USART6_UART_Init-USART6-false-HAL-true,11-MX_TIM2_Init-TIM2-false-HAL-true,12-MX_TIM4_Init-TIM4-false-HAL-true,13-MX_TIM5_Init-TIM5-false-HAL-true,14-MX_UART8_Init-UART8-false-HAL-true
RCC.48MHZClocksFreq_Value=90000000
RCC.AHBFreq_Value=180000000
RCC.APB1CLKDivider=RCC_HCLK_DIV4
RCC.APB1Freq_Value=45000000
RCC.APB1TimFreq_Value=90000000
RCC.APB2CLKDivider=RCC_HCLK_DIV2
RCC.APB2Freq_Value=90000000
RCC.APB2TimFreq_Value=180000000
RCC.CortexFreq_Value=180000000
RCC.EthernetFreq_Value=180000000
RCC.FCLKCortexFreq_Value=180000000
RCC.FamilyName=M
RCC.HCLKFreq_Value=180000000
RCC.HSE_VALUE=12000000
RCC.HSI_VALUE=16000000
RCC.I2SClocksFreq_Value=192000000
RCC.IPParameters=48MHZClocksFreq_Value,AHBFreq_Value,APB1CLKDivider,APB1Freq_Value,APB1TimFreq_Value,APB2CLKDivider,APB2Freq_Value,APB2TimFreq_Value,CortexFreq_Value,EthernetFreq_Value,FCLKCortexFreq_Value,FamilyName,HCLKFreq_Value,HSE_VALUE,HSI_VALUE,I2SClocksFreq_Value,LSE_VALUE,LSI_VALUE,MCO2PinFreq_Value,PLLCLKFreq_Value,PLLM,PLLN,PLLQCLKFreq_Value,PLLSourceVirtual,RTCFreq_Value,RTCHSEDivFreq_Value,SAI_AClocksFreq_Value,SAI_BClocksFreq_Value,SYSCLKFreq_VALUE,SYSCLKSource,VCOI2SOutputFreq_Value,VCOInputFreq_Value,VCOOutputFreq_Value,VCOSAIOutputFreq_Value,VCOSAIOutputFreq_ValueQ,VcooutputI2S,VcooutputI2SQ
RCC.LSE_VALUE=32768
RCC.LSI_VALUE=32000
RCC.MCO2PinFreq_Value=180000000
RCC.PLLCLKFreq_Value=180000000
RCC.PLLM=6
RCC.PLLN=180
RCC.PLLQCLKFreq_Value=90000000
RCC.PLLSourceVirtual=RCC_PLLSOURCE_HSE
RCC.RTCFreq_Value=32000
RCC.RTCHSEDivFreq_Value=6000000
RCC.SAI_AClocksFreq_Value=24500000
RCC.SAI_BClocksFreq_Value=24500000
RCC.SYSCLKFreq_VALUE=180000000
RCC.SYSCLKSource=RCC_SYSCLKSOURCE_PLLCLK
RCC.VCOI2SOutputFreq_Value=384000000
RCC.VCOInputFreq_Value=2000000
RCC.VCOOutputFreq_Value=360000000
RCC.VCOSAIOutputFreq_Value=98000000
RCC.VCOSAIOutputFreq_ValueQ=24500000
RCC.VcooutputI2S=192000000
RCC.VcooutputI2SQ=192000000
SH.S_TIM2_CH1_ETR.0=TIM2_CH1,PWM Generation1 CH1
SH.S_TIM2_CH1_ETR.ConfNb=1
SH.S_TIM2_CH2.0=TIM2_CH2
SH.S_TIM2_CH2.ConfNb=1
SH.S_TIM4_CH1.0=TIM4_CH1,PWM Generation1 CH1
SH.S_TIM4_CH1.ConfNb=1
SH.S_TIM4_CH2.0=TIM4_CH2,PWM Generation2 CH2
SH.S_TIM4_CH2.ConfNb=1
SH.S_TIM4_CH3.0=TIM4_CH3,PWM Generation3 CH3
SH.S_TIM4_CH3.ConfNb=1
SH.S_TIM4_CH4.0=TIM4_CH4,PWM Generation4 CH4
SH.S_TIM4_CH4.ConfNb=1
SH.S_TIM5_CH1.0=TIM5_CH1,PWM Generation1 CH1
SH.S_TIM5_CH1.ConfNb=1
SH.S_TIM5_CH2.0=TIM5_CH2,PWM Generation2 CH2
SH.S_TIM5_CH2.ConfNb=1
SH.S_TIM5_CH3.0=TIM5_CH3,PWM Generation3 CH3
SH.S_TIM5_CH3.ConfNb=1
SH.S_TIM5_CH4.0=TIM5_CH4,PWM Generation4 CH4
SH.S_TIM5_CH4.ConfNb=1
TIM2.Channel-PWM\ Generation1\ CH1=TIM_CHANNEL_1
TIM2.IPParameters=Channel-PWM Generation1 CH1,Prescaler,Period,Pulse-PWM Generation1 CH1
TIM2.Period=1000-1
TIM2.Prescaler=1680-1
TIM2.Pulse-PWM\ Generation1\ CH1=25
TIM4.Channel-PWM\ Generation1\ CH1=TIM_CHANNEL_1
TIM4.Channel-PWM\ Generation2\ CH2=TIM_CHANNEL_2
TIM4.Channel-PWM\ Generation3\ CH3=TIM_CHANNEL_3
TIM4.Channel-PWM\ Generation4\ CH4=TIM_CHANNEL_4
TIM4.IPParameters=Channel-PWM Generation1 CH1,Channel-PWM Generation2 CH2,Channel-PWM Generation3 CH3,Channel-PWM Generation4 CH4,Prescaler,Period
TIM4.Period=1000-1
TIM4.Prescaler=90-1
TIM5.Channel-PWM\ Generation1\ CH1=TIM_CHANNEL_1
TIM5.Channel-PWM\ Generation2\ CH2=TIM_CHANNEL_2
TIM5.Channel-PWM\ Generation3\ CH3=TIM_CHANNEL_3
TIM5.Channel-PWM\ Generation4\ CH4=TIM_CHANNEL_4
TIM5.IPParameters=Channel-PWM Generation1 CH1,Channel-PWM Generation2 CH2,Channel-PWM Generation3 CH3,Channel-PWM Generation4 CH4,Prescaler,Period
TIM5.Period=1000-1
TIM5.Prescaler=90-1
TIM6.AutoReloadPreload=TIM_AUTORELOAD_PRELOAD_DISABLE
TIM6.IPParameters=AutoReloadPreload,Prescaler,Period
TIM6.Period=10-1
TIM6.Prescaler=9000-1
UART8.IPParameters=VirtualMode
UART8.VirtualMode=Asynchronous
USART1.BaudRate=100000
USART1.IPParameters=VirtualMode,BaudRate,Parity
USART1.Parity=PARITY_EVEN
USART1.VirtualMode=VM_ASYNC
USART2.BaudRate=100000
USART2.IPParameters=VirtualMode,BaudRate
USART2.VirtualMode=VM_ASYNC
USART3.BaudRate=100000
USART3.IPParameters=VirtualMode,BaudRate
USART3.VirtualMode=VM_ASYNC
USART6.BaudRate=9600
USART6.IPParameters=VirtualMode,BaudRate,Parity
USART6.Parity=PARITY_NONE
USART6.VirtualMode=VM_ASYNC
VP_SYS_VS_Systick.Mode=SysTick
VP_SYS_VS_Systick.Signal=SYS_VS_Systick
VP_TIM2_VS_ClockSourceINT.Mode=Internal
VP_TIM2_VS_ClockSourceINT.Signal=TIM2_VS_ClockSourceINT
VP_TIM4_VS_ClockSourceINT.Mode=Internal
VP_TIM4_VS_ClockSourceINT.Signal=TIM4_VS_ClockSourceINT
VP_TIM5_VS_ClockSourceINT.Mode=Internal
VP_TIM5_VS_ClockSourceINT.Signal=TIM5_VS_ClockSourceINT
VP_TIM6_VS_ClockSourceINT.Mode=Enable_Timer
VP_TIM6_VS_ClockSourceINT.Signal=TIM6_VS_ClockSourceINT
board=custom
